// !$*UTF8*$!
{
	archiveVersion = 1;
	classes = {
	};
	objectVersion = 56;
	objects = {

/* Begin PBXBuildFile section */
		7454A3742B5968D7006357C8 /* OneWordApp.swift in Sources */ = {isa = PBXBuildFile; fileRef = 7454A3732B5968D7006357C8 /* OneWordApp.swift */; };
		7454A3762B5968D7006357C8 /* ContentView.swift in Sources */ = {isa = PBXBuildFile; fileRef = 7454A3752B5968D7006357C8 /* ContentView.swift */; };
		7454A3782B5968D8006357C8 /* Assets.xcassets in Resources */ = {isa = PBXBuildFile; fileRef = 7454A3772B5968D8006357C8 /* Assets.xcassets */; };
		7454A37B2B5968D8006357C8 /* Preview Assets.xcassets in Resources */ = {isa = PBXBuildFile; fileRef = 7454A37A2B5968D8006357C8 /* Preview Assets.xcassets */; };
		7454A3852B5968D8006357C8 /* GameVMTests.swift in Sources */ = {isa = PBXBuildFile; fileRef = 7454A3842B5968D8006357C8 /* GameVMTests.swift */; };
		7454A39E2B5EF2DC006357C8 /* GameViewModel.swift in Sources */ = {isa = PBXBuildFile; fileRef = 7454A39D2B5EF2DC006357C8 /* GameViewModel.swift */; };
		7454A3A02B5EF9D7006357C8 /* User.swift in Sources */ = {isa = PBXBuildFile; fileRef = 7454A39F2B5EF9D7006357C8 /* User.swift */; };
		7454A3A32B5F0802006357C8 /* DatabaseServiceSpy.swift in Sources */ = {isa = PBXBuildFile; fileRef = 7454A3A22B5F0802006357C8 /* DatabaseServiceSpy.swift */; };
		7454A3A52B5F0887006357C8 /* GameModel.swift in Sources */ = {isa = PBXBuildFile; fileRef = 7454A3A42B5F0887006357C8 /* GameModel.swift */; };
		7454A3A72B5F089E006357C8 /* CloudKitService.swift in Sources */ = {isa = PBXBuildFile; fileRef = 7454A3A62B5F089E006357C8 /* CloudKitService.swift */; };
		7454A3A92B5F08AB006357C8 /* DatabaseService.swift in Sources */ = {isa = PBXBuildFile; fileRef = 7454A3A82B5F08AB006357C8 /* DatabaseService.swift */; };
		7475CC1B2B62C3FF00B8E6A6 /* ManyToManyRecord.swift in Sources */ = {isa = PBXBuildFile; fileRef = 7475CC1A2B62C3FF00B8E6A6 /* ManyToManyRecord.swift */; };
		74A6B1642B60158D00ED0901 /* Record.swift in Sources */ = {isa = PBXBuildFile; fileRef = 74A6B1632B60158D00ED0901 /* Record.swift */; };
		74A6B1662B60162900ED0901 /* ChildRecord.swift in Sources */ = {isa = PBXBuildFile; fileRef = 74A6B1652B60162900ED0901 /* ChildRecord.swift */; };
		74F026992B61A2F400ED9B20 /* Round.swift in Sources */ = {isa = PBXBuildFile; fileRef = 74F026982B61A2F400ED9B20 /* Round.swift */; };
		74F0269B2B61AF6D00ED9B20 /* RoundVMTests.swift in Sources */ = {isa = PBXBuildFile; fileRef = 74F0269A2B61AF6D00ED9B20 /* RoundVMTests.swift */; };
		74F0269D2B61B0BC00ED9B20 /* RoundViewModel.swift in Sources */ = {isa = PBXBuildFile; fileRef = 74F0269C2B61B0BC00ED9B20 /* RoundViewModel.swift */; };
		74F0269F2B61FF8F00ED9B20 /* UserGameRelationship.swift in Sources */ = {isa = PBXBuildFile; fileRef = 74F0269E2B61FF8F00ED9B20 /* UserGameRelationship.swift */; };
		74F026A12B6200E100ED9B20 /* TwoParentsChildRecord.swift in Sources */ = {isa = PBXBuildFile; fileRef = 74F026A02B6200E100ED9B20 /* TwoParentsChildRecord.swift */; };
/* End PBXBuildFile section */

/* Begin PBXContainerItemProxy section */
		7454A3812B5968D8006357C8 /* PBXContainerItemProxy */ = {
			isa = PBXContainerItemProxy;
			containerPortal = 7454A3682B5968D7006357C8 /* Project object */;
			proxyType = 1;
			remoteGlobalIDString = 7454A36F2B5968D7006357C8;
			remoteInfo = OneWord;
		};
/* End PBXContainerItemProxy section */

/* Begin PBXFileReference section */
		7454A3702B5968D7006357C8 /* OneWord.app */ = {isa = PBXFileReference; explicitFileType = wrapper.application; includeInIndex = 0; path = OneWord.app; sourceTree = BUILT_PRODUCTS_DIR; };
		7454A3732B5968D7006357C8 /* OneWordApp.swift */ = {isa = PBXFileReference; lastKnownFileType = sourcecode.swift; path = OneWordApp.swift; sourceTree = "<group>"; };
		7454A3752B5968D7006357C8 /* ContentView.swift */ = {isa = PBXFileReference; lastKnownFileType = sourcecode.swift; path = ContentView.swift; sourceTree = "<group>"; };
		7454A3772B5968D8006357C8 /* Assets.xcassets */ = {isa = PBXFileReference; lastKnownFileType = folder.assetcatalog; path = Assets.xcassets; sourceTree = "<group>"; };
		7454A37A2B5968D8006357C8 /* Preview Assets.xcassets */ = {isa = PBXFileReference; lastKnownFileType = folder.assetcatalog; path = "Preview Assets.xcassets"; sourceTree = "<group>"; };
		7454A3802B5968D8006357C8 /* OneWordTests.xctest */ = {isa = PBXFileReference; explicitFileType = wrapper.cfbundle; includeInIndex = 0; path = OneWordTests.xctest; sourceTree = BUILT_PRODUCTS_DIR; };
		7454A3842B5968D8006357C8 /* GameVMTests.swift */ = {isa = PBXFileReference; lastKnownFileType = sourcecode.swift; path = GameVMTests.swift; sourceTree = "<group>"; };
		7454A39D2B5EF2DC006357C8 /* GameViewModel.swift */ = {isa = PBXFileReference; lastKnownFileType = sourcecode.swift; path = GameViewModel.swift; sourceTree = "<group>"; };
		7454A39F2B5EF9D7006357C8 /* User.swift */ = {isa = PBXFileReference; lastKnownFileType = sourcecode.swift; path = User.swift; sourceTree = "<group>"; };
		7454A3A12B5F01BC006357C8 /* OneWord.xctestplan */ = {isa = PBXFileReference; lastKnownFileType = text; path = OneWord.xctestplan; sourceTree = "<group>"; };
		7454A3A22B5F0802006357C8 /* DatabaseServiceSpy.swift */ = {isa = PBXFileReference; lastKnownFileType = sourcecode.swift; path = DatabaseServiceSpy.swift; sourceTree = "<group>"; };
		7454A3A42B5F0887006357C8 /* GameModel.swift */ = {isa = PBXFileReference; lastKnownFileType = sourcecode.swift; path = GameModel.swift; sourceTree = "<group>"; };
		7454A3A62B5F089E006357C8 /* CloudKitService.swift */ = {isa = PBXFileReference; lastKnownFileType = sourcecode.swift; path = CloudKitService.swift; sourceTree = "<group>"; };
		7454A3A82B5F08AB006357C8 /* DatabaseService.swift */ = {isa = PBXFileReference; lastKnownFileType = sourcecode.swift; path = DatabaseService.swift; sourceTree = "<group>"; };
		7475CC1A2B62C3FF00B8E6A6 /* ManyToManyRecord.swift */ = {isa = PBXFileReference; lastKnownFileType = sourcecode.swift; path = ManyToManyRecord.swift; sourceTree = "<group>"; };
		74A6B1632B60158D00ED0901 /* Record.swift */ = {isa = PBXFileReference; lastKnownFileType = sourcecode.swift; path = Record.swift; sourceTree = "<group>"; };
		74A6B1652B60162900ED0901 /* ChildRecord.swift */ = {isa = PBXFileReference; lastKnownFileType = sourcecode.swift; path = ChildRecord.swift; sourceTree = "<group>"; };
		74F026982B61A2F400ED9B20 /* Round.swift */ = {isa = PBXFileReference; lastKnownFileType = sourcecode.swift; path = Round.swift; sourceTree = "<group>"; };
		74F0269A2B61AF6D00ED9B20 /* RoundVMTests.swift */ = {isa = PBXFileReference; lastKnownFileType = sourcecode.swift; path = RoundVMTests.swift; sourceTree = "<group>"; };
		74F0269C2B61B0BC00ED9B20 /* RoundViewModel.swift */ = {isa = PBXFileReference; lastKnownFileType = sourcecode.swift; path = RoundViewModel.swift; sourceTree = "<group>"; };
		74F0269E2B61FF8F00ED9B20 /* UserGameRelationship.swift */ = {isa = PBXFileReference; lastKnownFileType = sourcecode.swift; path = UserGameRelationship.swift; sourceTree = "<group>"; };
		74F026A02B6200E100ED9B20 /* TwoParentsChildRecord.swift */ = {isa = PBXFileReference; lastKnownFileType = sourcecode.swift; path = TwoParentsChildRecord.swift; sourceTree = "<group>"; };
/* End PBXFileReference section */

/* Begin PBXFrameworksBuildPhase section */
		7454A36D2B5968D7006357C8 /* Frameworks */ = {
			isa = PBXFrameworksBuildPhase;
			buildActionMask = 2147483647;
			files = (
			);
			runOnlyForDeploymentPostprocessing = 0;
		};
		7454A37D2B5968D8006357C8 /* Frameworks */ = {
			isa = PBXFrameworksBuildPhase;
			buildActionMask = 2147483647;
			files = (
			);
			runOnlyForDeploymentPostprocessing = 0;
		};
/* End PBXFrameworksBuildPhase section */

/* Begin PBXGroup section */
		7454A3672B5968D7006357C8 = {
			isa = PBXGroup;
			children = (
				7454A3A12B5F01BC006357C8 /* OneWord.xctestplan */,
				7454A3722B5968D7006357C8 /* OneWord */,
				7454A3832B5968D8006357C8 /* OneWordTests */,
				7454A3712B5968D7006357C8 /* Products */,
			);
			sourceTree = "<group>";
		};
		7454A3712B5968D7006357C8 /* Products */ = {
			isa = PBXGroup;
			children = (
				7454A3702B5968D7006357C8 /* OneWord.app */,
				7454A3802B5968D8006357C8 /* OneWordTests.xctest */,
			);
			name = Products;
			sourceTree = "<group>";
		};
		7454A3722B5968D7006357C8 /* OneWord */ = {
			isa = PBXGroup;
			children = (
				7454A3732B5968D7006357C8 /* OneWordApp.swift */,
				7454A3AA2B5F0973006357C8 /* Views */,
				7454A3AB2B5F098B006357C8 /* Models */,
				74A6B1692B60322700ED0901 /* ViewModels */,
				7454A3772B5968D8006357C8 /* Assets.xcassets */,
				7454A3792B5968D8006357C8 /* Preview Content */,
			);
			path = OneWord;
			sourceTree = "<group>";
		};
		7454A3792B5968D8006357C8 /* Preview Content */ = {
			isa = PBXGroup;
			children = (
				7454A37A2B5968D8006357C8 /* Preview Assets.xcassets */,
			);
			path = "Preview Content";
			sourceTree = "<group>";
		};
		7454A3832B5968D8006357C8 /* OneWordTests */ = {
			isa = PBXGroup;
			children = (
				7454A3842B5968D8006357C8 /* GameVMTests.swift */,
				74F0269A2B61AF6D00ED9B20 /* RoundVMTests.swift */,
				7454A3A22B5F0802006357C8 /* DatabaseServiceSpy.swift */,
			);
			path = OneWordTests;
			sourceTree = "<group>";
		};
		7454A3AA2B5F0973006357C8 /* Views */ = {
			isa = PBXGroup;
			children = (
				7454A3752B5968D7006357C8 /* ContentView.swift */,
			);
			path = Views;
			sourceTree = "<group>";
		};
		7454A3AB2B5F098B006357C8 /* Models */ = {
			isa = PBXGroup;
			children = (
				7454A39F2B5EF9D7006357C8 /* User.swift */,
				74F0269E2B61FF8F00ED9B20 /* UserGameRelationship.swift */,
				74F026982B61A2F400ED9B20 /* Round.swift */,
				7454A3A42B5F0887006357C8 /* GameModel.swift */,
				7454A3A62B5F089E006357C8 /* CloudKitService.swift */,
				7454A3AC2B5F0998006357C8 /* Protocols */,
			);
			path = Models;
			sourceTree = "<group>";
		};
		7454A3AC2B5F0998006357C8 /* Protocols */ = {
			isa = PBXGroup;
			children = (
				7454A3A82B5F08AB006357C8 /* DatabaseService.swift */,
				74A6B1632B60158D00ED0901 /* Record.swift */,
				74A6B1652B60162900ED0901 /* ChildRecord.swift */,
				74F026A02B6200E100ED9B20 /* TwoParentsChildRecord.swift */,
				7475CC1A2B62C3FF00B8E6A6 /* ManyToManyRecord.swift */,
			);
			path = Protocols;
			sourceTree = "<group>";
		};
		74A6B1692B60322700ED0901 /* ViewModels */ = {
			isa = PBXGroup;
			children = (
				7454A39D2B5EF2DC006357C8 /* GameViewModel.swift */,
				74F0269C2B61B0BC00ED9B20 /* RoundViewModel.swift */,
			);
			path = ViewModels;
			sourceTree = "<group>";
		};
/* End PBXGroup section */

/* Begin PBXNativeTarget section */
		7454A36F2B5968D7006357C8 /* OneWord */ = {
			isa = PBXNativeTarget;
			buildConfigurationList = 7454A3942B5968D8006357C8 /* Build configuration list for PBXNativeTarget "OneWord" */;
			buildPhases = (
				7454A36C2B5968D7006357C8 /* Sources */,
				7454A36D2B5968D7006357C8 /* Frameworks */,
				7454A36E2B5968D7006357C8 /* Resources */,
			);
			buildRules = (
			);
			dependencies = (
			);
			name = OneWord;
			productName = OneWord;
			productReference = 7454A3702B5968D7006357C8 /* OneWord.app */;
			productType = "com.apple.product-type.application";
		};
		7454A37F2B5968D8006357C8 /* OneWordTests */ = {
			isa = PBXNativeTarget;
			buildConfigurationList = 7454A3972B5968D8006357C8 /* Build configuration list for PBXNativeTarget "OneWordTests" */;
			buildPhases = (
				7454A37C2B5968D8006357C8 /* Sources */,
				7454A37D2B5968D8006357C8 /* Frameworks */,
				7454A37E2B5968D8006357C8 /* Resources */,
			);
			buildRules = (
			);
			dependencies = (
				7454A3822B5968D8006357C8 /* PBXTargetDependency */,
			);
			name = OneWordTests;
			productName = OneWordTests;
			productReference = 7454A3802B5968D8006357C8 /* OneWordTests.xctest */;
			productType = "com.apple.product-type.bundle.unit-test";
		};
/* End PBXNativeTarget section */

/* Begin PBXProject section */
		7454A3682B5968D7006357C8 /* Project object */ = {
			isa = PBXProject;
			attributes = {
				BuildIndependentTargetsInParallel = 1;
				LastSwiftUpdateCheck = 1500;
				LastUpgradeCheck = 1500;
				TargetAttributes = {
					7454A36F2B5968D7006357C8 = {
						CreatedOnToolsVersion = 15.0.1;
					};
					7454A37F2B5968D8006357C8 = {
						CreatedOnToolsVersion = 15.0.1;
						TestTargetID = 7454A36F2B5968D7006357C8;
					};
				};
			};
			buildConfigurationList = 7454A36B2B5968D7006357C8 /* Build configuration list for PBXProject "OneWord" */;
			compatibilityVersion = "Xcode 14.0";
			developmentRegion = en;
			hasScannedForEncodings = 0;
			knownRegions = (
				en,
				Base,
			);
			mainGroup = 7454A3672B5968D7006357C8;
			productRefGroup = 7454A3712B5968D7006357C8 /* Products */;
			projectDirPath = "";
			projectRoot = "";
			targets = (
				7454A36F2B5968D7006357C8 /* OneWord */,
				7454A37F2B5968D8006357C8 /* OneWordTests */,
			);
		};
/* End PBXProject section */

/* Begin PBXResourcesBuildPhase section */
		7454A36E2B5968D7006357C8 /* Resources */ = {
			isa = PBXResourcesBuildPhase;
			buildActionMask = 2147483647;
			files = (
				7454A37B2B5968D8006357C8 /* Preview Assets.xcassets in Resources */,
				7454A3782B5968D8006357C8 /* Assets.xcassets in Resources */,
			);
			runOnlyForDeploymentPostprocessing = 0;
		};
		7454A37E2B5968D8006357C8 /* Resources */ = {
			isa = PBXResourcesBuildPhase;
			buildActionMask = 2147483647;
			files = (
			);
			runOnlyForDeploymentPostprocessing = 0;
		};
/* End PBXResourcesBuildPhase section */

/* Begin PBXSourcesBuildPhase section */
		7454A36C2B5968D7006357C8 /* Sources */ = {
			isa = PBXSourcesBuildPhase;
			buildActionMask = 2147483647;
			files = (
				7454A3A72B5F089E006357C8 /* CloudKitService.swift in Sources */,
				7475CC1B2B62C3FF00B8E6A6 /* ManyToManyRecord.swift in Sources */,
				7454A3A02B5EF9D7006357C8 /* User.swift in Sources */,
				7454A3762B5968D7006357C8 /* ContentView.swift in Sources */,
				7454A3A92B5F08AB006357C8 /* DatabaseService.swift in Sources */,
				74F0269F2B61FF8F00ED9B20 /* UserGameRelationship.swift in Sources */,
				74A6B1662B60162900ED0901 /* ChildRecord.swift in Sources */,
				7454A39E2B5EF2DC006357C8 /* GameViewModel.swift in Sources */,
				7454A3742B5968D7006357C8 /* OneWordApp.swift in Sources */,
				74A6B1642B60158D00ED0901 /* Record.swift in Sources */,
				74F026992B61A2F400ED9B20 /* Round.swift in Sources */,
				74F026A12B6200E100ED9B20 /* TwoParentsChildRecord.swift in Sources */,
				7454A3A52B5F0887006357C8 /* GameModel.swift in Sources */,
				74F0269D2B61B0BC00ED9B20 /* RoundViewModel.swift in Sources */,
			);
			runOnlyForDeploymentPostprocessing = 0;
		};
		7454A37C2B5968D8006357C8 /* Sources */ = {
			isa = PBXSourcesBuildPhase;
			buildActionMask = 2147483647;
			files = (
				7454A3A32B5F0802006357C8 /* DatabaseServiceSpy.swift in Sources */,
				7454A3852B5968D8006357C8 /* GameVMTests.swift in Sources */,
				74F0269B2B61AF6D00ED9B20 /* RoundVMTests.swift in Sources */,
			);
			runOnlyForDeploymentPostprocessing = 0;
		};
/* End PBXSourcesBuildPhase section */

/* Begin PBXTargetDependency section */
		7454A3822B5968D8006357C8 /* PBXTargetDependency */ = {
			isa = PBXTargetDependency;
			target = 7454A36F2B5968D7006357C8 /* OneWord */;
			targetProxy = 7454A3812B5968D8006357C8 /* PBXContainerItemProxy */;
		};
/* End PBXTargetDependency section */

/* Begin XCBuildConfiguration section */
		7454A3922B5968D8006357C8 /* Debug */ = {
			isa = XCBuildConfiguration;
			buildSettings = {
				ALWAYS_SEARCH_USER_PATHS = NO;
				ASSETCATALOG_COMPILER_GENERATE_SWIFT_ASSET_SYMBOL_EXTENSIONS = YES;
				CLANG_ANALYZER_NONNULL = YES;
				CLANG_ANALYZER_NUMBER_OBJECT_CONVERSION = YES_AGGRESSIVE;
				CLANG_CXX_LANGUAGE_STANDARD = "gnu++20";
				CLANG_ENABLE_MODULES = YES;
				CLANG_ENABLE_OBJC_ARC = YES;
				CLANG_ENABLE_OBJC_WEAK = YES;
				CLANG_WARN_BLOCK_CAPTURE_AUTORELEASING = YES;
				CLANG_WARN_BOOL_CONVERSION = YES;
				CLANG_WARN_COMMA = YES;
				CLANG_WARN_CONSTANT_CONVERSION = YES;
				CLANG_WARN_DEPRECATED_OBJC_IMPLEMENTATIONS = YES;
				CLANG_WARN_DIRECT_OBJC_ISA_USAGE = YES_ERROR;
				CLANG_WARN_DOCUMENTATION_COMMENTS = YES;
				CLANG_WARN_EMPTY_BODY = YES;
				CLANG_WARN_ENUM_CONVERSION = YES;
				CLANG_WARN_INFINITE_RECURSION = YES;
				CLANG_WARN_INT_CONVERSION = YES;
				CLANG_WARN_NON_LITERAL_NULL_CONVERSION = YES;
				CLANG_WARN_OBJC_IMPLICIT_RETAIN_SELF = YES;
				CLANG_WARN_OBJC_LITERAL_CONVERSION = YES;
				CLANG_WARN_OBJC_ROOT_CLASS = YES_ERROR;
				CLANG_WARN_QUOTED_INCLUDE_IN_FRAMEWORK_HEADER = YES;
				CLANG_WARN_RANGE_LOOP_ANALYSIS = YES;
				CLANG_WARN_STRICT_PROTOTYPES = YES;
				CLANG_WARN_SUSPICIOUS_MOVE = YES;
				CLANG_WARN_UNGUARDED_AVAILABILITY = YES_AGGRESSIVE;
				CLANG_WARN_UNREACHABLE_CODE = YES;
				CLANG_WARN__DUPLICATE_METHOD_MATCH = YES;
				COPY_PHASE_STRIP = NO;
				DEBUG_INFORMATION_FORMAT = dwarf;
				ENABLE_STRICT_OBJC_MSGSEND = YES;
				ENABLE_TESTABILITY = YES;
				ENABLE_USER_SCRIPT_SANDBOXING = YES;
				GCC_C_LANGUAGE_STANDARD = gnu17;
				GCC_DYNAMIC_NO_PIC = NO;
				GCC_NO_COMMON_BLOCKS = YES;
				GCC_OPTIMIZATION_LEVEL = 0;
				GCC_PREPROCESSOR_DEFINITIONS = (
					"DEBUG=1",
					"$(inherited)",
				);
				GCC_WARN_64_TO_32_BIT_CONVERSION = YES;
				GCC_WARN_ABOUT_RETURN_TYPE = YES_ERROR;
				GCC_WARN_UNDECLARED_SELECTOR = YES;
				GCC_WARN_UNINITIALIZED_AUTOS = YES_AGGRESSIVE;
				GCC_WARN_UNUSED_FUNCTION = YES;
				GCC_WARN_UNUSED_VARIABLE = YES;
				IPHONEOS_DEPLOYMENT_TARGET = 17.0;
				LOCALIZATION_PREFERS_STRING_CATALOGS = YES;
				MTL_ENABLE_DEBUG_INFO = INCLUDE_SOURCE;
				MTL_FAST_MATH = YES;
				ONLY_ACTIVE_ARCH = YES;
				SDKROOT = iphoneos;
				SWIFT_ACTIVE_COMPILATION_CONDITIONS = "DEBUG $(inherited)";
				SWIFT_OPTIMIZATION_LEVEL = "-Onone";
			};
			name = Debug;
		};
		7454A3932B5968D8006357C8 /* Release */ = {
			isa = XCBuildConfiguration;
			buildSettings = {
				ALWAYS_SEARCH_USER_PATHS = NO;
				ASSETCATALOG_COMPILER_GENERATE_SWIFT_ASSET_SYMBOL_EXTENSIONS = YES;
				CLANG_ANALYZER_NONNULL = YES;
				CLANG_ANALYZER_NUMBER_OBJECT_CONVERSION = YES_AGGRESSIVE;
				CLANG_CXX_LANGUAGE_STANDARD = "gnu++20";
				CLANG_ENABLE_MODULES = YES;
				CLANG_ENABLE_OBJC_ARC = YES;
				CLANG_ENABLE_OBJC_WEAK = YES;
				CLANG_WARN_BLOCK_CAPTURE_AUTORELEASING = YES;
				CLANG_WARN_BOOL_CONVERSION = YES;
				CLANG_WARN_COMMA = YES;
				CLANG_WARN_CONSTANT_CONVERSION = YES;
				CLANG_WARN_DEPRECATED_OBJC_IMPLEMENTATIONS = YES;
				CLANG_WARN_DIRECT_OBJC_ISA_USAGE = YES_ERROR;
				CLANG_WARN_DOCUMENTATION_COMMENTS = YES;
				CLANG_WARN_EMPTY_BODY = YES;
				CLANG_WARN_ENUM_CONVERSION = YES;
				CLANG_WARN_INFINITE_RECURSION = YES;
				CLANG_WARN_INT_CONVERSION = YES;
				CLANG_WARN_NON_LITERAL_NULL_CONVERSION = YES;
				CLANG_WARN_OBJC_IMPLICIT_RETAIN_SELF = YES;
				CLANG_WARN_OBJC_LITERAL_CONVERSION = YES;
				CLANG_WARN_OBJC_ROOT_CLASS = YES_ERROR;
				CLANG_WARN_QUOTED_INCLUDE_IN_FRAMEWORK_HEADER = YES;
				CLANG_WARN_RANGE_LOOP_ANALYSIS = YES;
				CLANG_WARN_STRICT_PROTOTYPES = YES;
				CLANG_WARN_SUSPICIOUS_MOVE = YES;
				CLANG_WARN_UNGUARDED_AVAILABILITY = YES_AGGRESSIVE;
				CLANG_WARN_UNREACHABLE_CODE = YES;
				CLANG_WARN__DUPLICATE_METHOD_MATCH = YES;
				COPY_PHASE_STRIP = NO;
				DEBUG_INFORMATION_FORMAT = "dwarf-with-dsym";
				ENABLE_NS_ASSERTIONS = NO;
				ENABLE_STRICT_OBJC_MSGSEND = YES;
				ENABLE_USER_SCRIPT_SANDBOXING = YES;
				GCC_C_LANGUAGE_STANDARD = gnu17;
				GCC_NO_COMMON_BLOCKS = YES;
				GCC_WARN_64_TO_32_BIT_CONVERSION = YES;
				GCC_WARN_ABOUT_RETURN_TYPE = YES_ERROR;
				GCC_WARN_UNDECLARED_SELECTOR = YES;
				GCC_WARN_UNINITIALIZED_AUTOS = YES_AGGRESSIVE;
				GCC_WARN_UNUSED_FUNCTION = YES;
				GCC_WARN_UNUSED_VARIABLE = YES;
				IPHONEOS_DEPLOYMENT_TARGET = 17.0;
				LOCALIZATION_PREFERS_STRING_CATALOGS = YES;
				MTL_ENABLE_DEBUG_INFO = NO;
				MTL_FAST_MATH = YES;
				SDKROOT = iphoneos;
				SWIFT_COMPILATION_MODE = wholemodule;
				VALIDATE_PRODUCT = YES;
			};
			name = Release;
		};
		7454A3952B5968D8006357C8 /* Debug */ = {
			isa = XCBuildConfiguration;
			buildSettings = {
				ASSETCATALOG_COMPILER_APPICON_NAME = AppIcon;
				ASSETCATALOG_COMPILER_GLOBAL_ACCENT_COLOR_NAME = AccentColor;
				CODE_SIGN_STYLE = Automatic;
				CURRENT_PROJECT_VERSION = 1;
				DEVELOPMENT_ASSET_PATHS = "\"OneWord/Preview Content\"";
				DEVELOPMENT_TEAM = 3UR85MK9RT;
				ENABLE_PREVIEWS = YES;
				GENERATE_INFOPLIST_FILE = YES;
				INFOPLIST_KEY_UIApplicationSceneManifest_Generation = YES;
				INFOPLIST_KEY_UIApplicationSupportsIndirectInputEvents = YES;
				INFOPLIST_KEY_UILaunchScreen_Generation = YES;
				INFOPLIST_KEY_UISupportedInterfaceOrientations_iPad = "UIInterfaceOrientationPortrait UIInterfaceOrientationPortraitUpsideDown UIInterfaceOrientationLandscapeLeft UIInterfaceOrientationLandscapeRight";
				INFOPLIST_KEY_UISupportedInterfaceOrientations_iPhone = "UIInterfaceOrientationPortrait UIInterfaceOrientationLandscapeLeft UIInterfaceOrientationLandscapeRight";
				LD_RUNPATH_SEARCH_PATHS = (
					"$(inherited)",
					"@executable_path/Frameworks",
				);
				MARKETING_VERSION = 1.0;
				PRODUCT_BUNDLE_IDENTIFIER = com.CoryTripathy.OneWord;
				PRODUCT_NAME = "$(TARGET_NAME)";
				SWIFT_EMIT_LOC_STRINGS = YES;
				SWIFT_VERSION = 5.0;
				TARGETED_DEVICE_FAMILY = "1,2";
			};
			name = Debug;
		};
		7454A3962B5968D8006357C8 /* Release */ = {
			isa = XCBuildConfiguration;
			buildSettings = {
				ASSETCATALOG_COMPILER_APPICON_NAME = AppIcon;
				ASSETCATALOG_COMPILER_GLOBAL_ACCENT_COLOR_NAME = AccentColor;
				CODE_SIGN_STYLE = Automatic;
				CURRENT_PROJECT_VERSION = 1;
				DEVELOPMENT_ASSET_PATHS = "\"OneWord/Preview Content\"";
				DEVELOPMENT_TEAM = 3UR85MK9RT;
				ENABLE_PREVIEWS = YES;
				GENERATE_INFOPLIST_FILE = YES;
				INFOPLIST_KEY_UIApplicationSceneManifest_Generation = YES;
				INFOPLIST_KEY_UIApplicationSupportsIndirectInputEvents = YES;
				INFOPLIST_KEY_UILaunchScreen_Generation = YES;
				INFOPLIST_KEY_UISupportedInterfaceOrientations_iPad = "UIInterfaceOrientationPortrait UIInterfaceOrientationPortraitUpsideDown UIInterfaceOrientationLandscapeLeft UIInterfaceOrientationLandscapeRight";
				INFOPLIST_KEY_UISupportedInterfaceOrientations_iPhone = "UIInterfaceOrientationPortrait UIInterfaceOrientationLandscapeLeft UIInterfaceOrientationLandscapeRight";
				LD_RUNPATH_SEARCH_PATHS = (
					"$(inherited)",
					"@executable_path/Frameworks",
				);
				MARKETING_VERSION = 1.0;
				PRODUCT_BUNDLE_IDENTIFIER = com.CoryTripathy.OneWord;
				PRODUCT_NAME = "$(TARGET_NAME)";
				SWIFT_EMIT_LOC_STRINGS = YES;
				SWIFT_VERSION = 5.0;
				TARGETED_DEVICE_FAMILY = "1,2";
			};
			name = Release;
		};
		7454A3982B5968D8006357C8 /* Debug */ = {
			isa = XCBuildConfiguration;
			buildSettings = {
				ALWAYS_EMBED_SWIFT_STANDARD_LIBRARIES = YES;
				BUNDLE_LOADER = "$(TEST_HOST)";
				CODE_SIGN_STYLE = Automatic;
				CURRENT_PROJECT_VERSION = 1;
				DEVELOPMENT_TEAM = 3UR85MK9RT;
				GENERATE_INFOPLIST_FILE = YES;
				IPHONEOS_DEPLOYMENT_TARGET = 17.0;
				MARKETING_VERSION = 1.0;
				PRODUCT_BUNDLE_IDENTIFIER = com.CoryTripathy.OneWordTests;
				PRODUCT_NAME = "$(TARGET_NAME)";
				SWIFT_EMIT_LOC_STRINGS = NO;
				SWIFT_VERSION = 5.0;
				TARGETED_DEVICE_FAMILY = "1,2";
				TEST_HOST = "$(BUILT_PRODUCTS_DIR)/OneWord.app/$(BUNDLE_EXECUTABLE_FOLDER_PATH)/OneWord";
			};
			name = Debug;
		};
		7454A3992B5968D8006357C8 /* Release */ = {
			isa = XCBuildConfiguration;
			buildSettings = {
				ALWAYS_EMBED_SWIFT_STANDARD_LIBRARIES = YES;
				BUNDLE_LOADER = "$(TEST_HOST)";
				CODE_SIGN_STYLE = Automatic;
				CURRENT_PROJECT_VERSION = 1;
				DEVELOPMENT_TEAM = 3UR85MK9RT;
				GENERATE_INFOPLIST_FILE = YES;
				IPHONEOS_DEPLOYMENT_TARGET = 17.0;
				MARKETING_VERSION = 1.0;
				PRODUCT_BUNDLE_IDENTIFIER = com.CoryTripathy.OneWordTests;
				PRODUCT_NAME = "$(TARGET_NAME)";
				SWIFT_EMIT_LOC_STRINGS = NO;
				SWIFT_VERSION = 5.0;
				TARGETED_DEVICE_FAMILY = "1,2";
				TEST_HOST = "$(BUILT_PRODUCTS_DIR)/OneWord.app/$(BUNDLE_EXECUTABLE_FOLDER_PATH)/OneWord";
			};
			name = Release;
		};
/* End XCBuildConfiguration section */

/* Begin XCConfigurationList section */
		7454A36B2B5968D7006357C8 /* Build configuration list for PBXProject "OneWord" */ = {
			isa = XCConfigurationList;
			buildConfigurations = (
				7454A3922B5968D8006357C8 /* Debug */,
				7454A3932B5968D8006357C8 /* Release */,
			);
			defaultConfigurationIsVisible = 0;
			defaultConfigurationName = Release;
		};
		7454A3942B5968D8006357C8 /* Build configuration list for PBXNativeTarget "OneWord" */ = {
			isa = XCConfigurationList;
			buildConfigurations = (
				7454A3952B5968D8006357C8 /* Debug */,
				7454A3962B5968D8006357C8 /* Release */,
			);
			defaultConfigurationIsVisible = 0;
			defaultConfigurationName = Release;
		};
		7454A3972B5968D8006357C8 /* Build configuration list for PBXNativeTarget "OneWordTests" */ = {
			isa = XCConfigurationList;
			buildConfigurations = (
				7454A3982B5968D8006357C8 /* Debug */,
				7454A3992B5968D8006357C8 /* Release */,
			);
			defaultConfigurationIsVisible = 0;
			defaultConfigurationName = Release;
		};
/* End XCConfigurationList section */
	};
	rootObject = 7454A3682B5968D7006357C8 /* Project object */;
}
